
Microsoft Visual Studio Solution File, Format Version 12.00
# Visual Studio Version 17
VisualStudioVersion = 17.1.32210.238
MinimumVisualStudioVersion = 10.0.40219.1
Project("{FAE04EC0-301F-11D3-BF4B-00C04F79EFBC}") = "ConsoleApp4", "ConsoleApp4\ConsoleApp4.csproj", "{E3AD430E-14DF-4E44-BCC3-E68D6AE16CDC}"
EndProject
Global
	GlobalSection(SolutionConfigurationPlatforms) = preSolution
		Debug|Any CPU = Debug|Any CPU
		Release|Any CPU = Release|Any CPU
	EndGlobalSection
	GlobalSection(ProjectConfigurationPlatforms) = postSolution
		{E3AD430E-14DF-4E44-BCC3-E68D6AE16CDC}.Debug|Any CPU.ActiveCfg = Debug|Any CPU
		{E3AD430E-14DF-4E44-BCC3-E68D6AE16CDC}.Debug|Any CPU.Build.0 = Debug|Any CPU
		{E3AD430E-14DF-4E44-BCC3-E68D6AE16CDC}.Release|Any CPU.ActiveCfg = Release|Any CPU
		{E3AD430E-14DF-4E44-BCC3-E68D6AE16CDC}.Release|Any CPU.Build.0 = Release|Any CPU
	EndGlobalSection
	GlobalSection(SolutionProperties) = preSolution
		HideSolutionNode = FALSE
	EndGlobalSection
	GlobalSection(ExtensibilityGlobals) = postSolution
		SolutionGuid = {D5C5C32F-4CCB-4DCA-9D7A-A6464BF4F532}
	EndGlobalSection
EndGlobal
